
Microsoft Visual Studio Solution File, Format Version 12.00
# Visual Studio Version 17
VisualStudioVersion = 17.0.31903.59
MinimumVisualStudioVersion = 10.0.40219.1
Project("{FAE04EC0-301F-11D3-BF4B-00C04F79EFBC}") = "ProfitabilityCalculator.Contracts", "ProfitabilityCalculator.Contracts\ProfitabilityCalculator.Contracts.csproj", "{F6A6FA7F-0AE6-4EDC-BE15-77DB944B5140}"
EndProject
Project("{FAE04EC0-301F-11D3-BF4B-00C04F79EFBC}") = "ProfitabilityCalculator", "ProfitabilityCalculator\ProfitabilityCalculator.csproj", "{93E525AA-0187-41F1-883C-E10A3F728848}"
EndProject
Project("{FAE04EC0-301F-11D3-BF4B-00C04F79EFBC}") = "ProfitabilityCalculator.Tests", "ProfitabilityCalculator.Tests\ProfitabilityCalculator.Tests.csproj", "{60206B49-35EA-4023-954F-B9F73D054D83}"
EndProject
Global
	GlobalSection(SolutionConfigurationPlatforms) = preSolution
		Debug|Any CPU = Debug|Any CPU
		Release|Any CPU = Release|Any CPU
	EndGlobalSection
	GlobalSection(SolutionProperties) = preSolution
		HideSolutionNode = FALSE
	EndGlobalSection
	GlobalSection(ProjectConfigurationPlatforms) = postSolution
		{F6A6FA7F-0AE6-4EDC-BE15-77DB944B5140}.Debug|Any CPU.ActiveCfg = Debug|Any CPU
		{F6A6FA7F-0AE6-4EDC-BE15-77DB944B5140}.Debug|Any CPU.Build.0 = Debug|Any CPU
		{F6A6FA7F-0AE6-4EDC-BE15-77DB944B5140}.Release|Any CPU.ActiveCfg = Release|Any CPU
		{F6A6FA7F-0AE6-4EDC-BE15-77DB944B5140}.Release|Any CPU.Build.0 = Release|Any CPU
		{93E525AA-0187-41F1-883C-E10A3F728848}.Debug|Any CPU.ActiveCfg = Debug|Any CPU
		{93E525AA-0187-41F1-883C-E10A3F728848}.Debug|Any CPU.Build.0 = Debug|Any CPU
		{93E525AA-0187-41F1-883C-E10A3F728848}.Release|Any CPU.ActiveCfg = Release|Any CPU
		{93E525AA-0187-41F1-883C-E10A3F728848}.Release|Any CPU.Build.0 = Release|Any CPU
		{60206B49-35EA-4023-954F-B9F73D054D83}.Debug|Any CPU.ActiveCfg = Debug|Any CPU
		{60206B49-35EA-4023-954F-B9F73D054D83}.Debug|Any CPU.Build.0 = Debug|Any CPU
		{60206B49-35EA-4023-954F-B9F73D054D83}.Release|Any CPU.ActiveCfg = Release|Any CPU
		{60206B49-35EA-4023-954F-B9F73D054D83}.Release|Any CPU.Build.0 = Release|Any CPU
	EndGlobalSection
EndGlobal
